{
  "name": "ComparIA",
  "lockfileVersion": 3,
  "requires": true,
  "packages": {
    "": {
      "dependencies": {
        "@gouvfr/dsfr": "^1.13.2"
      }
    },
    "node_modules/@gouvfr/dsfr": {
      "version": "1.13.2",
      "resolved": "https://registry.npmjs.org/@gouvfr/dsfr/-/dsfr-1.13.2.tgz",
      "integrity": "sha512-4Q9ggFFzwD/KFr37sJO1hFH9PcqlZ7F3jMiFJXnBLJfkH1+s28vnQp/oXoY8TosWsLMSjdhNCrxvrUdm5XzBlg==",
      "engines": {
        "node": ">=18.16.1"
      }
    }
  }
}
